
Microsoft Visual Studio Solution File, Format Version 12.00
# Visual Studio Version 17
VisualStudioVersion = 17.14.36310.24 d17.14
MinimumVisualStudioVersion = 10.0.40219.1
Project("{FAE04EC0-301F-11D3-BF4B-00C04F79EFBC}") = "MagnetronTecnicalTest", "MagnetronTecnicalTest\MagnetronTecnicalTest.csproj", "{E9140422-BB35-495C-9574-63FC8A7A4F88}"
EndProject
Project("{FAE04EC0-301F-11D3-BF4B-00C04F79EFBC}") = "MagnetronTecnicalTest.Tests", "MagnetronTecnicalTest.Tests\MagnetronTecnicalTest.Tests.csproj", "{C00587B3-9A1F-6254-2510-94DDE41228C2}"
EndProject
Global
	GlobalSection(SolutionConfigurationPlatforms) = preSolution
		Debug|Any CPU = Debug|Any CPU
		Release|Any CPU = Release|Any CPU
	EndGlobalSection
	GlobalSection(ProjectConfigurationPlatforms) = postSolution
		{E9140422-BB35-495C-9574-63FC8A7A4F88}.Debug|Any CPU.ActiveCfg = Debug|Any CPU
		{E9140422-BB35-495C-9574-63FC8A7A4F88}.Debug|Any CPU.Build.0 = Debug|Any CPU
		{E9140422-BB35-495C-9574-63FC8A7A4F88}.Release|Any CPU.ActiveCfg = Release|Any CPU
		{E9140422-BB35-495C-9574-63FC8A7A4F88}.Release|Any CPU.Build.0 = Release|Any CPU
		{C00587B3-9A1F-6254-2510-94DDE41228C2}.Debug|Any CPU.ActiveCfg = Debug|Any CPU
		{C00587B3-9A1F-6254-2510-94DDE41228C2}.Debug|Any CPU.Build.0 = Debug|Any CPU
		{C00587B3-9A1F-6254-2510-94DDE41228C2}.Release|Any CPU.ActiveCfg = Release|Any CPU
		{C00587B3-9A1F-6254-2510-94DDE41228C2}.Release|Any CPU.Build.0 = Release|Any CPU
	EndGlobalSection
	GlobalSection(SolutionProperties) = preSolution
		HideSolutionNode = FALSE
	EndGlobalSection
	GlobalSection(ExtensibilityGlobals) = postSolution
		SolutionGuid = {87C9C838-45EF-4B33-957F-FD7044B408A4}
	EndGlobalSection
EndGlobal
